// !$*UTF8*$!
{
	archiveVersion = 1;
	classes = {
	};
	objectVersion = 46;
	objects = {

/* Begin PBXBuildFile section */
		6B1CF3F51E941C83006D4BB8 /* AppDelegate.swift in Sources */ = {isa = PBXBuildFile; fileRef = 6B1CF3F41E941C83006D4BB8 /* AppDelegate.swift */; };
		6B1CF3F71E941C83006D4BB8 /* PokeFinderVC.swift in Sources */ = {isa = PBXBuildFile; fileRef = 6B1CF3F61E941C83006D4BB8 /* PokeFinderVC.swift */; };
		6B1CF3FA1E941C83006D4BB8 /* Main.storyboard in Resources */ = {isa = PBXBuildFile; fileRef = 6B1CF3F81E941C83006D4BB8 /* Main.storyboard */; };
		6B1CF3FD1E941C83006D4BB8 /* PokeFinder.xcdatamodeld in Sources */ = {isa = PBXBuildFile; fileRef = 6B1CF3FB1E941C83006D4BB8 /* PokeFinder.xcdatamodeld */; };
		6B1CF3FF1E941C83006D4BB8 /* Assets.xcassets in Resources */ = {isa = PBXBuildFile; fileRef = 6B1CF3FE1E941C83006D4BB8 /* Assets.xcassets */; };
		6B1CF4021E941C83006D4BB8 /* LaunchScreen.storyboard in Resources */ = {isa = PBXBuildFile; fileRef = 6B1CF4001E941C83006D4BB8 /* LaunchScreen.storyboard */; };
		6B1CF40A1E941CAC006D4BB8 /* GoogleService-Info.plist in Resources */ = {isa = PBXBuildFile; fileRef = 6B1CF4091E941CAC006D4BB8 /* GoogleService-Info.plist */; };
		6B1CF41D1E941F8C006D4BB8 /* GeoFire.m in Sources */ = {isa = PBXBuildFile; fileRef = 6B1CF4141E941F8C006D4BB8 /* GeoFire.m */; };
		6B1CF41E1E941F8C006D4BB8 /* GFBase32Utils.m in Sources */ = {isa = PBXBuildFile; fileRef = 6B1CF4161E941F8C006D4BB8 /* GFBase32Utils.m */; };
		6B1CF41F1E941F8C006D4BB8 /* GFGeoHash.m in Sources */ = {isa = PBXBuildFile; fileRef = 6B1CF4181E941F8C006D4BB8 /* GFGeoHash.m */; };
		6B1CF4201E941F8C006D4BB8 /* GFGeoHashQuery.m in Sources */ = {isa = PBXBuildFile; fileRef = 6B1CF41A1E941F8C006D4BB8 /* GFGeoHashQuery.m */; };
		6B1CF4211E941F8C006D4BB8 /* GFQuery.m in Sources */ = {isa = PBXBuildFile; fileRef = 6B1CF41C1E941F8C006D4BB8 /* GFQuery.m */; };
		6B1CF4321E9433A9006D4BB8 /* PokeAnnotation.swift in Sources */ = {isa = PBXBuildFile; fileRef = 6B1CF4311E9433A9006D4BB8 /* PokeAnnotation.swift */; };
		6B5B6FC81ED9394000E2916B /* PokedexVC.swift in Sources */ = {isa = PBXBuildFile; fileRef = 6B5B6FC71ED9394000E2916B /* PokedexVC.swift */; };
		6B5B6FCA1ED9396400E2916B /* PokemonDetailVC.swift in Sources */ = {isa = PBXBuildFile; fileRef = 6B5B6FC91ED9396400E2916B /* PokemonDetailVC.swift */; };
		6B5B6FCC1ED9399800E2916B /* PokeCell.swift in Sources */ = {isa = PBXBuildFile; fileRef = 6B5B6FCB1ED9399800E2916B /* PokeCell.swift */; };
		6B5B6FCE1ED939BB00E2916B /* Pokemon.swift in Sources */ = {isa = PBXBuildFile; fileRef = 6B5B6FCD1ED939BB00E2916B /* Pokemon.swift */; };
		6B5B6FD31ED93A1300E2916B /* pokemon.csv in Resources */ = {isa = PBXBuildFile; fileRef = 6B5B6FCF1ED93A1300E2916B /* pokemon.csv */; };
		6B5B6FD41ED93A1300E2916B /* pokemon.ttf in Resources */ = {isa = PBXBuildFile; fileRef = 6B5B6FD01ED93A1300E2916B /* pokemon.ttf */; };
		6B5B6FD51ED93A1300E2916B /* music.png in Resources */ = {isa = PBXBuildFile; fileRef = 6B5B6FD11ED93A1300E2916B /* music.png */; };
		6B5B6FD61ED93A1300E2916B /* music.mp3 in Resources */ = {isa = PBXBuildFile; fileRef = 6B5B6FD21ED93A1300E2916B /* music.mp3 */; };
		6BAE60411ED93C9D00240E08 /* csv.swift in Sources */ = {isa = PBXBuildFile; fileRef = 6BAE60401ED93C9D00240E08 /* csv.swift */; };
		6BAE60431ED93CAB00240E08 /* Constants.swift in Sources */ = {isa = PBXBuildFile; fileRef = 6BAE60421ED93CAB00240E08 /* Constants.swift */; };
		6BAE60451ED945E700240E08 /* RoundButton.swift in Sources */ = {isa = PBXBuildFile; fileRef = 6BAE60441ED945E700240E08 /* RoundButton.swift */; };
		A6E4508B33841DBF16A9B542 /* Pods_PokeFinder.framework in Frameworks */ = {isa = PBXBuildFile; fileRef = 096168D7B7D63FF0286CCC5C /* Pods_PokeFinder.framework */; };
/* End PBXBuildFile section */

/* Begin PBXFileReference section */
		096168D7B7D63FF0286CCC5C /* Pods_PokeFinder.framework */ = {isa = PBXFileReference; explicitFileType = wrapper.framework; includeInIndex = 0; path = Pods_PokeFinder.framework; sourceTree = BUILT_PRODUCTS_DIR; };
		4B9FCE8F5C2583C93F447AA9 /* Pods-PokeFinder.debug.xcconfig */ = {isa = PBXFileReference; includeInIndex = 1; lastKnownFileType = text.xcconfig; name = "Pods-PokeFinder.debug.xcconfig"; path = "Pods/Target Support Files/Pods-PokeFinder/Pods-PokeFinder.debug.xcconfig"; sourceTree = "<group>"; };
		6B1CF3F11E941C83006D4BB8 /* PokeFinder.app */ = {isa = PBXFileReference; explicitFileType = wrapper.application; includeInIndex = 0; path = PokeFinder.app; sourceTree = BUILT_PRODUCTS_DIR; };
		6B1CF3F41E941C83006D4BB8 /* AppDelegate.swift */ = {isa = PBXFileReference; lastKnownFileType = sourcecode.swift; path = AppDelegate.swift; sourceTree = "<group>"; };
		6B1CF3F61E941C83006D4BB8 /* PokeFinderVC.swift */ = {isa = PBXFileReference; lastKnownFileType = sourcecode.swift; path = PokeFinderVC.swift; sourceTree = "<group>"; };
		6B1CF3F91E941C83006D4BB8 /* Base */ = {isa = PBXFileReference; lastKnownFileType = file.storyboard; name = Base; path = Base.lproj/Main.storyboard; sourceTree = "<group>"; };
		6B1CF3FC1E941C83006D4BB8 /* PokeFinder.xcdatamodel */ = {isa = PBXFileReference; lastKnownFileType = wrapper.xcdatamodel; path = PokeFinder.xcdatamodel; sourceTree = "<group>"; };
		6B1CF3FE1E941C83006D4BB8 /* Assets.xcassets */ = {isa = PBXFileReference; lastKnownFileType = folder.assetcatalog; path = Assets.xcassets; sourceTree = "<group>"; };
		6B1CF4011E941C83006D4BB8 /* Base */ = {isa = PBXFileReference; lastKnownFileType = file.storyboard; name = Base; path = Base.lproj/LaunchScreen.storyboard; sourceTree = "<group>"; };
		6B1CF4031E941C83006D4BB8 /* Info.plist */ = {isa = PBXFileReference; lastKnownFileType = text.plist.xml; path = Info.plist; sourceTree = "<group>"; };
		6B1CF4091E941CAC006D4BB8 /* GoogleService-Info.plist */ = {isa = PBXFileReference; fileEncoding = 4; lastKnownFileType = text.plist.xml; path = "GoogleService-Info.plist"; sourceTree = "<group>"; };
		6B1CF40D1E941F8C006D4BB8 /* GeoFire.h */ = {isa = PBXFileReference; fileEncoding = 4; lastKnownFileType = sourcecode.c.h; path = GeoFire.h; sourceTree = "<group>"; };
		6B1CF40E1E941F8C006D4BB8 /* GFCircleQuery.h */ = {isa = PBXFileReference; fileEncoding = 4; lastKnownFileType = sourcecode.c.h; path = GFCircleQuery.h; sourceTree = "<group>"; };
		6B1CF40F1E941F8C006D4BB8 /* GFQuery.h */ = {isa = PBXFileReference; fileEncoding = 4; lastKnownFileType = sourcecode.c.h; path = GFQuery.h; sourceTree = "<group>"; };
		6B1CF4101E941F8C006D4BB8 /* GFRegionQuery.h */ = {isa = PBXFileReference; fileEncoding = 4; lastKnownFileType = sourcecode.c.h; path = GFRegionQuery.h; sourceTree = "<group>"; };
		6B1CF4111E941F8C006D4BB8 /* GeoFire-Prefix.pch */ = {isa = PBXFileReference; fileEncoding = 4; lastKnownFileType = sourcecode.c.h; path = "GeoFire-Prefix.pch"; sourceTree = "<group>"; };
		6B1CF4131E941F8C006D4BB8 /* GeoFire+Private.h */ = {isa = PBXFileReference; fileEncoding = 4; lastKnownFileType = sourcecode.c.h; path = "GeoFire+Private.h"; sourceTree = "<group>"; };
		6B1CF4141E941F8C006D4BB8 /* GeoFire.m */ = {isa = PBXFileReference; fileEncoding = 4; lastKnownFileType = sourcecode.c.objc; path = GeoFire.m; sourceTree = "<group>"; };
		6B1CF4151E941F8C006D4BB8 /* GFBase32Utils.h */ = {isa = PBXFileReference; fileEncoding = 4; lastKnownFileType = sourcecode.c.h; path = GFBase32Utils.h; sourceTree = "<group>"; };
		6B1CF4161E941F8C006D4BB8 /* GFBase32Utils.m */ = {isa = PBXFileReference; fileEncoding = 4; lastKnownFileType = sourcecode.c.objc; path = GFBase32Utils.m; sourceTree = "<group>"; };
		6B1CF4171E941F8C006D4BB8 /* GFGeoHash.h */ = {isa = PBXFileReference; fileEncoding = 4; lastKnownFileType = sourcecode.c.h; path = GFGeoHash.h; sourceTree = "<group>"; };
		6B1CF4181E941F8C006D4BB8 /* GFGeoHash.m */ = {isa = PBXFileReference; fileEncoding = 4; lastKnownFileType = sourcecode.c.objc; path = GFGeoHash.m; sourceTree = "<group>"; };
		6B1CF4191E941F8C006D4BB8 /* GFGeoHashQuery.h */ = {isa = PBXFileReference; fileEncoding = 4; lastKnownFileType = sourcecode.c.h; path = GFGeoHashQuery.h; sourceTree = "<group>"; };
		6B1CF41A1E941F8C006D4BB8 /* GFGeoHashQuery.m */ = {isa = PBXFileReference; fileEncoding = 4; lastKnownFileType = sourcecode.c.objc; path = GFGeoHashQuery.m; sourceTree = "<group>"; };
		6B1CF41B1E941F8C006D4BB8 /* GFQuery+Private.h */ = {isa = PBXFileReference; fileEncoding = 4; lastKnownFileType = sourcecode.c.h; path = "GFQuery+Private.h"; sourceTree = "<group>"; };
		6B1CF41C1E941F8C006D4BB8 /* GFQuery.m */ = {isa = PBXFileReference; fileEncoding = 4; lastKnownFileType = sourcecode.c.objc; path = GFQuery.m; sourceTree = "<group>"; };
		6B1CF42A1E9420FD006D4BB8 /* PokeFinder-Bridging-Header.h */ = {isa = PBXFileReference; fileEncoding = 4; lastKnownFileType = sourcecode.c.h; path = "PokeFinder-Bridging-Header.h"; sourceTree = "<group>"; };
		6B1CF4311E9433A9006D4BB8 /* PokeAnnotation.swift */ = {isa = PBXFileReference; fileEncoding = 4; lastKnownFileType = sourcecode.swift; path = PokeAnnotation.swift; sourceTree = "<group>"; };
		6B5B6FC71ED9394000E2916B /* PokedexVC.swift */ = {isa = PBXFileReference; fileEncoding = 4; lastKnownFileType = sourcecode.swift; path = PokedexVC.swift; sourceTree = "<group>"; };
		6B5B6FC91ED9396400E2916B /* PokemonDetailVC.swift */ = {isa = PBXFileReference; fileEncoding = 4; lastKnownFileType = sourcecode.swift; path = PokemonDetailVC.swift; sourceTree = "<group>"; };
		6B5B6FCB1ED9399800E2916B /* PokeCell.swift */ = {isa = PBXFileReference; fileEncoding = 4; lastKnownFileType = sourcecode.swift; path = PokeCell.swift; sourceTree = "<group>"; };
		6B5B6FCD1ED939BB00E2916B /* Pokemon.swift */ = {isa = PBXFileReference; fileEncoding = 4; lastKnownFileType = sourcecode.swift; path = Pokemon.swift; sourceTree = "<group>"; };
		6B5B6FCF1ED93A1300E2916B /* pokemon.csv */ = {isa = PBXFileReference; fileEncoding = 4; lastKnownFileType = text; path = pokemon.csv; sourceTree = "<group>"; };
		6B5B6FD01ED93A1300E2916B /* pokemon.ttf */ = {isa = PBXFileReference; lastKnownFileType = file; path = pokemon.ttf; sourceTree = "<group>"; };
		6B5B6FD11ED93A1300E2916B /* music.png */ = {isa = PBXFileReference; lastKnownFileType = image.png; path = music.png; sourceTree = "<group>"; };
		6B5B6FD21ED93A1300E2916B /* music.mp3 */ = {isa = PBXFileReference; lastKnownFileType = audio.mp3; path = music.mp3; sourceTree = "<group>"; };
		6BAE60401ED93C9D00240E08 /* csv.swift */ = {isa = PBXFileReference; fileEncoding = 4; lastKnownFileType = sourcecode.swift; path = csv.swift; sourceTree = "<group>"; };
		6BAE60421ED93CAB00240E08 /* Constants.swift */ = {isa = PBXFileReference; fileEncoding = 4; lastKnownFileType = sourcecode.swift; path = Constants.swift; sourceTree = "<group>"; };
		6BAE60441ED945E700240E08 /* RoundButton.swift */ = {isa = PBXFileReference; fileEncoding = 4; lastKnownFileType = sourcecode.swift; path = RoundButton.swift; sourceTree = "<group>"; };
		93064F51DBEFAFEF59D6E4D5 /* Pods-PokeFinder.release.xcconfig */ = {isa = PBXFileReference; includeInIndex = 1; lastKnownFileType = text.xcconfig; name = "Pods-PokeFinder.release.xcconfig"; path = "Pods/Target Support Files/Pods-PokeFinder/Pods-PokeFinder.release.xcconfig"; sourceTree = "<group>"; };
/* End PBXFileReference section */

/* Begin PBXFrameworksBuildPhase section */
		6B1CF3EE1E941C83006D4BB8 /* Frameworks */ = {
			isa = PBXFrameworksBuildPhase;
			buildActionMask = 2147483647;
			files = (
				A6E4508B33841DBF16A9B542 /* Pods_PokeFinder.framework in Frameworks */,
			);
			runOnlyForDeploymentPostprocessing = 0;
		};
/* End PBXFrameworksBuildPhase section */

/* Begin PBXGroup section */
		37B07D47D30BC9824DDCAB36 /* Frameworks */ = {
			isa = PBXGroup;
			children = (
				096168D7B7D63FF0286CCC5C /* Pods_PokeFinder.framework */,
			);
			name = Frameworks;
			sourceTree = "<group>";
		};
		59B6926C2A380ABC135FD2F2 /* Pods */ = {
			isa = PBXGroup;
			children = (
				4B9FCE8F5C2583C93F447AA9 /* Pods-PokeFinder.debug.xcconfig */,
				93064F51DBEFAFEF59D6E4D5 /* Pods-PokeFinder.release.xcconfig */,
			);
			name = Pods;
			sourceTree = "<group>";
		};
		6B1CF3E81E941C83006D4BB8 = {
			isa = PBXGroup;
			children = (
				6B1CF3F31E941C83006D4BB8 /* PokeFinder */,
				6B1CF3F21E941C83006D4BB8 /* Products */,
				59B6926C2A380ABC135FD2F2 /* Pods */,
				37B07D47D30BC9824DDCAB36 /* Frameworks */,
			);
			sourceTree = "<group>";
		};
		6B1CF3F21E941C83006D4BB8 /* Products */ = {
			isa = PBXGroup;
			children = (
				6B1CF3F11E941C83006D4BB8 /* PokeFinder.app */,
			);
			name = Products;
			sourceTree = "<group>";
		};
		6B1CF3F31E941C83006D4BB8 /* PokeFinder */ = {
			isa = PBXGroup;
			children = (
				6B1CF42D1E94330C006D4BB8 /* Model */,
				6B1CF42C1E943308006D4BB8 /* View */,
				6B1CF42B1E943301006D4BB8 /* Controller */,
				6B1CF4301E943378006D4BB8 /* Resources */,
				6B1CF42E1E94332F006D4BB8 /* Utilities */,
				6B1CF40B1E941F8C006D4BB8 /* GeoFire */,
				6B1CF42F1E94335F006D4BB8 /* CoreData */,
			);
			path = PokeFinder;
			sourceTree = "<group>";
		};
		6B1CF40B1E941F8C006D4BB8 /* GeoFire */ = {
			isa = PBXGroup;
			children = (
				6B1CF40C1E941F8C006D4BB8 /* API */,
				6B1CF4111E941F8C006D4BB8 /* GeoFire-Prefix.pch */,
				6B1CF4121E941F8C006D4BB8 /* Implementation */,
			);
			path = GeoFire;
			sourceTree = "<group>";
		};
		6B1CF40C1E941F8C006D4BB8 /* API */ = {
			isa = PBXGroup;
			children = (
				6B1CF40D1E941F8C006D4BB8 /* GeoFire.h */,
				6B1CF40E1E941F8C006D4BB8 /* GFCircleQuery.h */,
				6B1CF40F1E941F8C006D4BB8 /* GFQuery.h */,
				6B1CF4101E941F8C006D4BB8 /* GFRegionQuery.h */,
			);
			path = API;
			sourceTree = "<group>";
		};
		6B1CF4121E941F8C006D4BB8 /* Implementation */ = {
			isa = PBXGroup;
			children = (
				6B1CF4131E941F8C006D4BB8 /* GeoFire+Private.h */,
				6B1CF4141E941F8C006D4BB8 /* GeoFire.m */,
				6B1CF4151E941F8C006D4BB8 /* GFBase32Utils.h */,
				6B1CF4161E941F8C006D4BB8 /* GFBase32Utils.m */,
				6B1CF4171E941F8C006D4BB8 /* GFGeoHash.h */,
				6B1CF4181E941F8C006D4BB8 /* GFGeoHash.m */,
				6B1CF4191E941F8C006D4BB8 /* GFGeoHashQuery.h */,
				6B1CF41A1E941F8C006D4BB8 /* GFGeoHashQuery.m */,
				6B1CF41B1E941F8C006D4BB8 /* GFQuery+Private.h */,
				6B1CF41C1E941F8C006D4BB8 /* GFQuery.m */,
			);
			path = Implementation;
			sourceTree = "<group>";
		};
		6B1CF42B1E943301006D4BB8 /* Controller */ = {
			isa = PBXGroup;
			children = (
				6B1CF3F61E941C83006D4BB8 /* PokeFinderVC.swift */,
				6B5B6FC71ED9394000E2916B /* PokedexVC.swift */,
				6B5B6FC91ED9396400E2916B /* PokemonDetailVC.swift */,
			);
			name = Controller;
			sourceTree = "<group>";
		};
		6B1CF42C1E943308006D4BB8 /* View */ = {
			isa = PBXGroup;
			children = (
				6B1CF4001E941C83006D4BB8 /* LaunchScreen.storyboard */,
				6B1CF3F81E941C83006D4BB8 /* Main.storyboard */,
				6B5B6FCB1ED9399800E2916B /* PokeCell.swift */,
				6BAE60441ED945E700240E08 /* RoundButton.swift */,
			);
			name = View;
			sourceTree = "<group>";
		};
		6B1CF42D1E94330C006D4BB8 /* Model */ = {
			isa = PBXGroup;
			children = (
				6B1CF4311E9433A9006D4BB8 /* PokeAnnotation.swift */,
				6B5B6FCD1ED939BB00E2916B /* Pokemon.swift */,
			);
			name = Model;
			sourceTree = "<group>";
		};
		6B1CF42E1E94332F006D4BB8 /* Utilities */ = {
			isa = PBXGroup;
			children = (
				6BAE60421ED93CAB00240E08 /* Constants.swift */,
				6BAE60401ED93C9D00240E08 /* csv.swift */,
				6B1CF3F41E941C83006D4BB8 /* AppDelegate.swift */,
				6B1CF4091E941CAC006D4BB8 /* GoogleService-Info.plist */,
				6B1CF4031E941C83006D4BB8 /* Info.plist */,
				6B1CF42A1E9420FD006D4BB8 /* PokeFinder-Bridging-Header.h */,
			);
			name = Utilities;
			sourceTree = "<group>";
		};
		6B1CF42F1E94335F006D4BB8 /* CoreData */ = {
			isa = PBXGroup;
			children = (
				6B1CF3FB1E941C83006D4BB8 /* PokeFinder.xcdatamodeld */,
			);
			name = CoreData;
			sourceTree = "<group>";
		};
		6B1CF4301E943378006D4BB8 /* Resources */ = {
			isa = PBXGroup;
			children = (
				6B5B6FCF1ED93A1300E2916B /* pokemon.csv */,
				6B5B6FD01ED93A1300E2916B /* pokemon.ttf */,
				6B5B6FD11ED93A1300E2916B /* music.png */,
				6B5B6FD21ED93A1300E2916B /* music.mp3 */,
				6B1CF3FE1E941C83006D4BB8 /* Assets.xcassets */,
			);
			name = Resources;
			sourceTree = "<group>";
		};
/* End PBXGroup section */

/* Begin PBXNativeTarget section */
		6B1CF3F01E941C83006D4BB8 /* PokeFinder */ = {
			isa = PBXNativeTarget;
			buildConfigurationList = 6B1CF4061E941C83006D4BB8 /* Build configuration list for PBXNativeTarget "PokeFinder" */;
			buildPhases = (
				93F95603BF1145A47DAA51A0 /* [CP] Check Pods Manifest.lock */,
				6B1CF3ED1E941C83006D4BB8 /* Sources */,
				6B1CF3EE1E941C83006D4BB8 /* Frameworks */,
				6B1CF3EF1E941C83006D4BB8 /* Resources */,
				3EF11F709514C6F604132446 /* [CP] Embed Pods Frameworks */,
				0D0187E7FB70B30271F3EC2C /* [CP] Copy Pods Resources */,
			);
			buildRules = (
			);
			dependencies = (
			);
			name = PokeFinder;
			productName = PokeFinder;
			productReference = 6B1CF3F11E941C83006D4BB8 /* PokeFinder.app */;
			productType = "com.apple.product-type.application";
		};
/* End PBXNativeTarget section */

/* Begin PBXProject section */
		6B1CF3E91E941C83006D4BB8 /* Project object */ = {
			isa = PBXProject;
			attributes = {
				LastSwiftUpdateCheck = 0830;
				LastUpgradeCheck = 0830;
				ORGANIZATIONNAME = ConnorOgilvie;
				TargetAttributes = {
					6B1CF3F01E941C83006D4BB8 = {
						CreatedOnToolsVersion = 8.3;
						DevelopmentTeam = 5DL47BFKM2;
						ProvisioningStyle = Automatic;
					};
				};
			};
			buildConfigurationList = 6B1CF3EC1E941C83006D4BB8 /* Build configuration list for PBXProject "PokeFinder" */;
			compatibilityVersion = "Xcode 3.2";
			developmentRegion = English;
			hasScannedForEncodings = 0;
			knownRegions = (
				en,
				Base,
			);
			mainGroup = 6B1CF3E81E941C83006D4BB8;
			productRefGroup = 6B1CF3F21E941C83006D4BB8 /* Products */;
			projectDirPath = "";
			projectRoot = "";
			targets = (
				6B1CF3F01E941C83006D4BB8 /* PokeFinder */,
			);
		};
/* End PBXProject section */

/* Begin PBXResourcesBuildPhase section */
		6B1CF3EF1E941C83006D4BB8 /* Resources */ = {
			isa = PBXResourcesBuildPhase;
			buildActionMask = 2147483647;
			files = (
				6B5B6FD61ED93A1300E2916B /* music.mp3 in Resources */,
				6B1CF4021E941C83006D4BB8 /* LaunchScreen.storyboard in Resources */,
				6B5B6FD51ED93A1300E2916B /* music.png in Resources */,
				6B1CF40A1E941CAC006D4BB8 /* GoogleService-Info.plist in Resources */,
				6B1CF3FF1E941C83006D4BB8 /* Assets.xcassets in Resources */,
				6B1CF3FA1E941C83006D4BB8 /* Main.storyboard in Resources */,
				6B5B6FD41ED93A1300E2916B /* pokemon.ttf in Resources */,
				6B5B6FD31ED93A1300E2916B /* pokemon.csv in Resources */,
			);
			runOnlyForDeploymentPostprocessing = 0;
		};
/* End PBXResourcesBuildPhase section */

/* Begin PBXShellScriptBuildPhase section */
		0D0187E7FB70B30271F3EC2C /* [CP] Copy Pods Resources */ = {
			isa = PBXShellScriptBuildPhase;
			buildActionMask = 2147483647;
			files = (
			);
			inputPaths = (
			);
			name = "[CP] Copy Pods Resources";
			outputPaths = (
			);
			runOnlyForDeploymentPostprocessing = 0;
			shellPath = /bin/sh;
			shellScript = "\"${SRCROOT}/Pods/Target Support Files/Pods-PokeFinder/Pods-PokeFinder-resources.sh\"\n";
			showEnvVarsInLog = 0;
		};
		3EF11F709514C6F604132446 /* [CP] Embed Pods Frameworks */ = {
			isa = PBXShellScriptBuildPhase;
			buildActionMask = 2147483647;
			files = (
			);
			inputPaths = (
			);
			name = "[CP] Embed Pods Frameworks";
			outputPaths = (
			);
			runOnlyForDeploymentPostprocessing = 0;
			shellPath = /bin/sh;
			shellScript = "\"${SRCROOT}/Pods/Target Support Files/Pods-PokeFinder/Pods-PokeFinder-frameworks.sh\"\n";
			showEnvVarsInLog = 0;
		};
		93F95603BF1145A47DAA51A0 /* [CP] Check Pods Manifest.lock */ = {
			isa = PBXShellScriptBuildPhase;
			buildActionMask = 2147483647;
			files = (
			);
			inputPaths = (
			);
			name = "[CP] Check Pods Manifest.lock";
			outputPaths = (
			);
			runOnlyForDeploymentPostprocessing = 0;
			shellPath = /bin/sh;
			shellScript = "diff \"${PODS_PODFILE_DIR_PATH}/Podfile.lock\" \"${PODS_ROOT}/Manifest.lock\" > /dev/null\nif [ $? != 0 ] ; then\n    # print error to STDERR\n    echo \"error: The sandbox is not in sync with the Podfile.lock. Run 'pod install' or update your CocoaPods installation.\" >&2\n    exit 1\nfi\n";
			showEnvVarsInLog = 0;
		};
/* End PBXShellScriptBuildPhase section */

/* Begin PBXSourcesBuildPhase section */
		6B1CF3ED1E941C83006D4BB8 /* Sources */ = {
			isa = PBXSourcesBuildPhase;
			buildActionMask = 2147483647;
			files = (
				6BAE60451ED945E700240E08 /* RoundButton.swift in Sources */,
				6B5B6FCC1ED9399800E2916B /* PokeCell.swift in Sources */,
				6B1CF3F71E941C83006D4BB8 /* PokeFinderVC.swift in Sources */,
				6B1CF41E1E941F8C006D4BB8 /* GFBase32Utils.m in Sources */,
				6B1CF4201E941F8C006D4BB8 /* GFGeoHashQuery.m in Sources */,
				6B1CF41D1E941F8C006D4BB8 /* GeoFire.m in Sources */,
				6BAE60431ED93CAB00240E08 /* Constants.swift in Sources */,
				6B1CF3FD1E941C83006D4BB8 /* PokeFinder.xcdatamodeld in Sources */,
				6B5B6FCA1ED9396400E2916B /* PokemonDetailVC.swift in Sources */,
				6B1CF41F1E941F8C006D4BB8 /* GFGeoHash.m in Sources */,
				6BAE60411ED93C9D00240E08 /* csv.swift in Sources */,
				6B1CF3F51E941C83006D4BB8 /* AppDelegate.swift in Sources */,
				6B5B6FCE1ED939BB00E2916B /* Pokemon.swift in Sources */,
				6B1CF4321E9433A9006D4BB8 /* PokeAnnotation.swift in Sources */,
				6B1CF4211E941F8C006D4BB8 /* GFQuery.m in Sources */,
				6B5B6FC81ED9394000E2916B /* PokedexVC.swift in Sources */,
			);
			runOnlyForDeploymentPostprocessing = 0;
		};
/* End PBXSourcesBuildPhase section */

/* Begin PBXVariantGroup section */
		6B1CF3F81E941C83006D4BB8 /* Main.storyboard */ = {
			isa = PBXVariantGroup;
			children = (
				6B1CF3F91E941C83006D4BB8 /* Base */,
			);
			name = Main.storyboard;
			sourceTree = "<group>";
		};
		6B1CF4001E941C83006D4BB8 /* LaunchScreen.storyboard */ = {
			isa = PBXVariantGroup;
			children = (
				6B1CF4011E941C83006D4BB8 /* Base */,
			);
			name = LaunchScreen.storyboard;
			sourceTree = "<group>";
		};
/* End PBXVariantGroup section */

/* Begin XCBuildConfiguration section */
		6B1CF4041E941C83006D4BB8 /* Debug */ = {
			isa = XCBuildConfiguration;
			buildSettings = {
				ALWAYS_SEARCH_USER_PATHS = NO;
				CLANG_ANALYZER_NONNULL = YES;
				CLANG_ANALYZER_NUMBER_OBJECT_CONVERSION = YES_AGGRESSIVE;
				CLANG_CXX_LANGUAGE_STANDARD = "gnu++0x";
				CLANG_CXX_LIBRARY = "libc++";
				CLANG_ENABLE_MODULES = YES;
				CLANG_ENABLE_OBJC_ARC = YES;
				CLANG_WARN_BOOL_CONVERSION = YES;
				CLANG_WARN_CONSTANT_CONVERSION = YES;
				CLANG_WARN_DIRECT_OBJC_ISA_USAGE = YES_ERROR;
				CLANG_WARN_DOCUMENTATION_COMMENTS = YES;
				CLANG_WARN_EMPTY_BODY = YES;
				CLANG_WARN_ENUM_CONVERSION = YES;
				CLANG_WARN_INFINITE_RECURSION = YES;
				CLANG_WARN_INT_CONVERSION = YES;
				CLANG_WARN_OBJC_ROOT_CLASS = YES_ERROR;
				CLANG_WARN_SUSPICIOUS_MOVE = YES;
				CLANG_WARN_UNREACHABLE_CODE = YES;
				CLANG_WARN__DUPLICATE_METHOD_MATCH = YES;
				"CODE_SIGN_IDENTITY[sdk=iphoneos*]" = "iPhone Developer";
				COPY_PHASE_STRIP = NO;
				DEBUG_INFORMATION_FORMAT = dwarf;
				ENABLE_STRICT_OBJC_MSGSEND = YES;
				ENABLE_TESTABILITY = YES;
				GCC_C_LANGUAGE_STANDARD = gnu99;
				GCC_DYNAMIC_NO_PIC = NO;
				GCC_NO_COMMON_BLOCKS = YES;
				GCC_OPTIMIZATION_LEVEL = 0;
				GCC_PREPROCESSOR_DEFINITIONS = (
					"DEBUG=1",
					"$(inherited)",
				);
				GCC_WARN_64_TO_32_BIT_CONVERSION = YES;
				GCC_WARN_ABOUT_RETURN_TYPE = YES_ERROR;
				GCC_WARN_UNDECLARED_SELECTOR = YES;
				GCC_WARN_UNINITIALIZED_AUTOS = YES_AGGRESSIVE;
				GCC_WARN_UNUSED_FUNCTION = YES;
				GCC_WARN_UNUSED_VARIABLE = YES;
				IPHONEOS_DEPLOYMENT_TARGET = 10.3;
				MTL_ENABLE_DEBUG_INFO = YES;
				ONLY_ACTIVE_ARCH = YES;
				SDKROOT = iphoneos;
				SWIFT_ACTIVE_COMPILATION_CONDITIONS = DEBUG;
				SWIFT_OPTIMIZATION_LEVEL = "-Onone";
				TARGETED_DEVICE_FAMILY = "1,2";
			};
			name = Debug;
		};
		6B1CF4051E941C83006D4BB8 /* Release */ = {
			isa = XCBuildConfiguration;
			buildSettings = {
				ALWAYS_SEARCH_USER_PATHS = NO;
				CLANG_ANALYZER_NONNULL = YES;
				CLANG_ANALYZER_NUMBER_OBJECT_CONVERSION = YES_AGGRESSIVE;
				CLANG_CXX_LANGUAGE_STANDARD = "gnu++0x";
				CLANG_CXX_LIBRARY = "libc++";
				CLANG_ENABLE_MODULES = YES;
				CLANG_ENABLE_OBJC_ARC = YES;
				CLANG_WARN_BOOL_CONVERSION = YES;
				CLANG_WARN_CONSTANT_CONVERSION = YES;
				CLANG_WARN_DIRECT_OBJC_ISA_USAGE = YES_ERROR;
				CLANG_WARN_DOCUMENTATION_COMMENTS = YES;
				CLANG_WARN_EMPTY_BODY = YES;
				CLANG_WARN_ENUM_CONVERSION = YES;
				CLANG_WARN_INFINITE_RECURSION = YES;
				CLANG_WARN_INT_CONVERSION = YES;
				CLANG_WARN_OBJC_ROOT_CLASS = YES_ERROR;
				CLANG_WARN_SUSPICIOUS_MOVE = YES;
				CLANG_WARN_UNREACHABLE_CODE = YES;
				CLANG_WARN__DUPLICATE_METHOD_MATCH = YES;
				"CODE_SIGN_IDENTITY[sdk=iphoneos*]" = "iPhone Developer";
				COPY_PHASE_STRIP = NO;
				DEBUG_INFORMATION_FORMAT = "dwarf-with-dsym";
				ENABLE_NS_ASSERTIONS = NO;
				ENABLE_STRICT_OBJC_MSGSEND = YES;
				GCC_C_LANGUAGE_STANDARD = gnu99;
				GCC_NO_COMMON_BLOCKS = YES;
				GCC_WARN_64_TO_32_BIT_CONVERSION = YES;
				GCC_WARN_ABOUT_RETURN_TYPE = YES_ERROR;
				GCC_WARN_UNDECLARED_SELECTOR = YES;
				GCC_WARN_UNINITIALIZED_AUTOS = YES_AGGRESSIVE;
				GCC_WARN_UNUSED_FUNCTION = YES;
				GCC_WARN_UNUSED_VARIABLE = YES;
				IPHONEOS_DEPLOYMENT_TARGET = 10.3;
				MTL_ENABLE_DEBUG_INFO = NO;
				SDKROOT = iphoneos;
				SWIFT_OPTIMIZATION_LEVEL = "-Owholemodule";
				TARGETED_DEVICE_FAMILY = "1,2";
				VALIDATE_PRODUCT = YES;
			};
			name = Release;
		};
		6B1CF4071E941C83006D4BB8 /* Debug */ = {
			isa = XCBuildConfiguration;
			baseConfigurationReference = 4B9FCE8F5C2583C93F447AA9 /* Pods-PokeFinder.debug.xcconfig */;
			buildSettings = {
				ASSETCATALOG_COMPILER_APPICON_NAME = AppIcon;
				DEVELOPMENT_TEAM = 5DL47BFKM2;
				INFOPLIST_FILE = PokeFinder/Info.plist;
				LD_RUNPATH_SEARCH_PATHS = "$(inherited) @executable_path/Frameworks";
				PRODUCT_BUNDLE_IDENTIFIER = com.ConnorOgilvie.PokeFinder;
				PRODUCT_NAME = "$(TARGET_NAME)";
				SWIFT_OBJC_BRIDGING_HEADER = "PokeFinder/PokeFinder-Bridging-Header.h";
				SWIFT_VERSION = 3.0;
			};
			name = Debug;
		};
		6B1CF4081E941C83006D4BB8 /* Release */ = {
			isa = XCBuildConfiguration;
			baseConfigurationReference = 93064F51DBEFAFEF59D6E4D5 /* Pods-PokeFinder.release.xcconfig */;
			buildSettings = {
				ASSETCATALOG_COMPILER_APPICON_NAME = AppIcon;
				DEVELOPMENT_TEAM = 5DL47BFKM2;
				INFOPLIST_FILE = PokeFinder/Info.plist;
				LD_RUNPATH_SEARCH_PATHS = "$(inherited) @executable_path/Frameworks";
				PRODUCT_BUNDLE_IDENTIFIER = com.ConnorOgilvie.PokeFinder;
				PRODUCT_NAME = "$(TARGET_NAME)";
				SWIFT_OBJC_BRIDGING_HEADER = "PokeFinder/PokeFinder-Bridging-Header.h";
				SWIFT_VERSION = 3.0;
			};
			name = Release;
		};
/* End XCBuildConfiguration section */

/* Begin XCConfigurationList section */
		6B1CF3EC1E941C83006D4BB8 /* Build configuration list for PBXProject "PokeFinder" */ = {
			isa = XCConfigurationList;
			buildConfigurations = (
				6B1CF4041E941C83006D4BB8 /* Debug */,
				6B1CF4051E941C83006D4BB8 /* Release */,
			);
			defaultConfigurationIsVisible = 0;
			defaultConfigurationName = Release;
		};
		6B1CF4061E941C83006D4BB8 /* Build configuration list for PBXNativeTarget "PokeFinder" */ = {
			isa = XCConfigurationList;
			buildConfigurations = (
				6B1CF4071E941C83006D4BB8 /* Debug */,
				6B1CF4081E941C83006D4BB8 /* Release */,
			);
			defaultConfigurationIsVisible = 0;
			defaultConfigurationName = Release;
		};
/* End XCConfigurationList section */

/* Begin XCVersionGroup section */
		6B1CF3FB1E941C83006D4BB8 /* PokeFinder.xcdatamodeld */ = {
			isa = XCVersionGroup;
			children = (
				6B1CF3FC1E941C83006D4BB8 /* PokeFinder.xcdatamodel */,
			);
			currentVersion = 6B1CF3FC1E941C83006D4BB8 /* PokeFinder.xcdatamodel */;
			path = PokeFinder.xcdatamodeld;
			sourceTree = "<group>";
			versionGroupType = wrapper.xcdatamodel;
		};
/* End XCVersionGroup section */
	};
	rootObject = 6B1CF3E91E941C83006D4BB8 /* Project object */;
}
